
Microsoft Visual Studio Solution File, Format Version 12.00
# Visual Studio Version 17
VisualStudioVersion = 17.5.002.0
MinimumVisualStudioVersion = 10.0.40219.1
Project("{9A19103F-16F7-4668-BE54-9A1E7A4F7556}") = "BibliotecaApi", "BibliotecaApi.csproj", "{D8C96B9F-01E6-4314-B8B0-7459ECD687FF}"
EndProject
Global
	GlobalSection(SolutionConfigurationPlatforms) = preSolution
		Debug|Any CPU = Debug|Any CPU
		Release|Any CPU = Release|Any CPU
	EndGlobalSection
	GlobalSection(ProjectConfigurationPlatforms) = postSolution
		{D8C96B9F-01E6-4314-B8B0-7459ECD687FF}.Debug|Any CPU.ActiveCfg = Debug|Any CPU
		{D8C96B9F-01E6-4314-B8B0-7459ECD687FF}.Debug|Any CPU.Build.0 = Debug|Any CPU
		{D8C96B9F-01E6-4314-B8B0-7459ECD687FF}.Release|Any CPU.ActiveCfg = Release|Any CPU
		{D8C96B9F-01E6-4314-B8B0-7459ECD687FF}.Release|Any CPU.Build.0 = Release|Any CPU
	EndGlobalSection
	GlobalSection(SolutionProperties) = preSolution
		HideSolutionNode = FALSE
	EndGlobalSection
	GlobalSection(ExtensibilityGlobals) = postSolution
		SolutionGuid = {55955FE8-630C-41E8-8E46-99691D3D778E}
	EndGlobalSection
EndGlobal
